
Microsoft Visual Studio Solution File, Format Version 12.00
# Visual Studio Version 16
VisualStudioVersion = 16.0.29519.87
MinimumVisualStudioVersion = 10.0.40219.1
Project("{FAE04EC0-301F-11D3-BF4B-00C04F79EFBC}") = "DatingApp.Api", "DatingApp.Api\DatingApp.Api.csproj", "{8C56067C-B7AC-48CC-9A12-E4190FDC274E}"
EndProject
Global
	GlobalSection(SolutionConfigurationPlatforms) = preSolution
		Debug|Any CPU = Debug|Any CPU
		Release|Any CPU = Release|Any CPU
	EndGlobalSection
	GlobalSection(ProjectConfigurationPlatforms) = postSolution
		{8C56067C-B7AC-48CC-9A12-E4190FDC274E}.Debug|Any CPU.ActiveCfg = Debug|Any CPU
		{8C56067C-B7AC-48CC-9A12-E4190FDC274E}.Debug|Any CPU.Build.0 = Debug|Any CPU
		{8C56067C-B7AC-48CC-9A12-E4190FDC274E}.Release|Any CPU.ActiveCfg = Release|Any CPU
		{8C56067C-B7AC-48CC-9A12-E4190FDC274E}.Release|Any CPU.Build.0 = Release|Any CPU
	EndGlobalSection
	GlobalSection(SolutionProperties) = preSolution
		HideSolutionNode = FALSE
	EndGlobalSection
	GlobalSection(ExtensibilityGlobals) = postSolution
		SolutionGuid = {FA9898B2-5581-4542-87C6-27504E83143D}
	EndGlobalSection
EndGlobal
